// !$*UTF8*$!
{
	archiveVersion = 1;
	classes = {
	};
	objectVersion = 48;
	objects = {

/* Begin PBXBuildFile section */
		4E6A66161F96EE380D6CE297 /* Pods_ReducerSwiftUITests.framework in Frameworks */ = {isa = PBXBuildFile; fileRef = 2C2BF5A2DCE965D12F6C8B4E /* Pods_ReducerSwiftUITests.framework */; };
		6EDEA75698DA1DB4C870F4F3 /* Pods_ReducerSwiftTests.framework in Frameworks */ = {isa = PBXBuildFile; fileRef = 9122B441879F248FC0CF4D2D /* Pods_ReducerSwiftTests.framework */; };
		83F90F032531D1A163D72DBC /* Pods_ReducerSwift.framework in Frameworks */ = {isa = PBXBuildFile; fileRef = 3239FA17EA2BCC316A4F5468 /* Pods_ReducerSwift.framework */; };
		AC28B13D1FA9A12C003C4831 /* NavigationState.swift in Sources */ = {isa = PBXBuildFile; fileRef = AC28B13C1FA9A12C003C4831 /* NavigationState.swift */; };
		AC28B13F1FA9A2EE003C4831 /* Network.swift in Sources */ = {isa = PBXBuildFile; fileRef = AC28B13E1FA9A2EE003C4831 /* Network.swift */; };
		AC28B1411FA9A31B003C4831 /* QuestionState.swift in Sources */ = {isa = PBXBuildFile; fileRef = AC28B1401FA9A31B003C4831 /* QuestionState.swift */; };
		AC28B1431FA9A443003C4831 /* QuestionAction.swift in Sources */ = {isa = PBXBuildFile; fileRef = AC28B1421FA9A443003C4831 /* QuestionAction.swift */; };
		AC28B1451FA9ABFE003C4831 /* QuestionReducer.swift in Sources */ = {isa = PBXBuildFile; fileRef = AC28B1441FA9ABFE003C4831 /* QuestionReducer.swift */; };
		AC6AD2FF1FA4D05900A871BC /* AppRouter.swift in Sources */ = {isa = PBXBuildFile; fileRef = AC6AD2F21FA4D05900A871BC /* AppRouter.swift */; };
		AC6AD3001FA4D05900A871BC /* HomeViewController.swift in Sources */ = {isa = PBXBuildFile; fileRef = AC6AD2F41FA4D05900A871BC /* HomeViewController.swift */; };
		AC6AD3011FA4D05900A871BC /* HomeViewController.xib in Resources */ = {isa = PBXBuildFile; fileRef = AC6AD2F51FA4D05900A871BC /* HomeViewController.xib */; };
		AC6AD3021FA4D05900A871BC /* LoginViewController.swift in Sources */ = {isa = PBXBuildFile; fileRef = AC6AD2F61FA4D05900A871BC /* LoginViewController.swift */; };
		AC6AD3031FA4D05900A871BC /* LoginViewController.xib in Resources */ = {isa = PBXBuildFile; fileRef = AC6AD2F71FA4D05900A871BC /* LoginViewController.xib */; };
		AC6AD3041FA4D05900A871BC /* AppReducer.swift in Sources */ = {isa = PBXBuildFile; fileRef = AC6AD2FA1FA4D05900A871BC /* AppReducer.swift */; };
		AC6AD3051FA4D05900A871BC /* RoutingReducer.swift in Sources */ = {isa = PBXBuildFile; fileRef = AC6AD2FB1FA4D05900A871BC /* RoutingReducer.swift */; };
		AC6AD3061FA4D05900A871BC /* AppState.swift in Sources */ = {isa = PBXBuildFile; fileRef = AC6AD2FD1FA4D05900A871BC /* AppState.swift */; };
		AC6AD3071FA4D05900A871BC /* RoutingState.swift in Sources */ = {isa = PBXBuildFile; fileRef = AC6AD2FE1FA4D05900A871BC /* RoutingState.swift */; };
		AC6AD30B1FA4D51100A871BC /* LoginState.swift in Sources */ = {isa = PBXBuildFile; fileRef = AC6AD30A1FA4D51100A871BC /* LoginState.swift */; };
		AC6AD30D1FA4D5E500A871BC /* LoginReducer.swift in Sources */ = {isa = PBXBuildFile; fileRef = AC6AD30C1FA4D5E500A871BC /* LoginReducer.swift */; };
		AC6AD30F1FA4DBB000A871BC /* RoutingAction.swift in Sources */ = {isa = PBXBuildFile; fileRef = AC6AD30E1FA4DBB000A871BC /* RoutingAction.swift */; };
		AC6AD3121FA4E31A00A871BC /* RegisterTableViewController.swift in Sources */ = {isa = PBXBuildFile; fileRef = AC6AD3101FA4E31A00A871BC /* RegisterTableViewController.swift */; };
		AC6AD3131FA4E31A00A871BC /* RegisterTableViewController.xib in Resources */ = {isa = PBXBuildFile; fileRef = AC6AD3111FA4E31A00A871BC /* RegisterTableViewController.xib */; };
		ACB78C7B1FA1D45C00CC1F63 /* AppDelegate.swift in Sources */ = {isa = PBXBuildFile; fileRef = ACB78C7A1FA1D45C00CC1F63 /* AppDelegate.swift */; };
		ACB78C821FA1D45C00CC1F63 /* Assets.xcassets in Resources */ = {isa = PBXBuildFile; fileRef = ACB78C811FA1D45C00CC1F63 /* Assets.xcassets */; };
		ACB78C851FA1D45C00CC1F63 /* LaunchScreen.storyboard in Resources */ = {isa = PBXBuildFile; fileRef = ACB78C831FA1D45C00CC1F63 /* LaunchScreen.storyboard */; };
		ACB78C901FA1D45C00CC1F63 /* ReducerSwiftTests.swift in Sources */ = {isa = PBXBuildFile; fileRef = ACB78C8F1FA1D45C00CC1F63 /* ReducerSwiftTests.swift */; };
		ACB78C9B1FA1D45C00CC1F63 /* ReducerSwiftUITests.swift in Sources */ = {isa = PBXBuildFile; fileRef = ACB78C9A1FA1D45C00CC1F63 /* ReducerSwiftUITests.swift */; };
/* End PBXBuildFile section */

/* Begin PBXContainerItemProxy section */
		ACB78C8C1FA1D45C00CC1F63 /* PBXContainerItemProxy */ = {
			isa = PBXContainerItemProxy;
			containerPortal = ACB78C6F1FA1D45C00CC1F63 /* Project object */;
			proxyType = 1;
			remoteGlobalIDString = ACB78C761FA1D45C00CC1F63;
			remoteInfo = ReducerSwift;
		};
		ACB78C971FA1D45C00CC1F63 /* PBXContainerItemProxy */ = {
			isa = PBXContainerItemProxy;
			containerPortal = ACB78C6F1FA1D45C00CC1F63 /* Project object */;
			proxyType = 1;
			remoteGlobalIDString = ACB78C761FA1D45C00CC1F63;
			remoteInfo = ReducerSwift;
		};
/* End PBXContainerItemProxy section */

/* Begin PBXFileReference section */
		27D75362EB8761EEA5D569D8 /* Pods-ReducerSwift.release.xcconfig */ = {isa = PBXFileReference; includeInIndex = 1; lastKnownFileType = text.xcconfig; name = "Pods-ReducerSwift.release.xcconfig"; path = "Pods/Target Support Files/Pods-ReducerSwift/Pods-ReducerSwift.release.xcconfig"; sourceTree = "<group>"; };
		2C2BF5A2DCE965D12F6C8B4E /* Pods_ReducerSwiftUITests.framework */ = {isa = PBXFileReference; explicitFileType = wrapper.framework; includeInIndex = 0; path = Pods_ReducerSwiftUITests.framework; sourceTree = BUILT_PRODUCTS_DIR; };
		3239FA17EA2BCC316A4F5468 /* Pods_ReducerSwift.framework */ = {isa = PBXFileReference; explicitFileType = wrapper.framework; includeInIndex = 0; path = Pods_ReducerSwift.framework; sourceTree = BUILT_PRODUCTS_DIR; };
		3F6112B17186D93EB4ADE4CD /* Pods-ReducerSwiftTests.debug.xcconfig */ = {isa = PBXFileReference; includeInIndex = 1; lastKnownFileType = text.xcconfig; name = "Pods-ReducerSwiftTests.debug.xcconfig"; path = "Pods/Target Support Files/Pods-ReducerSwiftTests/Pods-ReducerSwiftTests.debug.xcconfig"; sourceTree = "<group>"; };
		4AD36E212D36EF06F89BEF31 /* Pods-ReducerSwift.debug.xcconfig */ = {isa = PBXFileReference; includeInIndex = 1; lastKnownFileType = text.xcconfig; name = "Pods-ReducerSwift.debug.xcconfig"; path = "Pods/Target Support Files/Pods-ReducerSwift/Pods-ReducerSwift.debug.xcconfig"; sourceTree = "<group>"; };
		716016036A67A360C722FB7F /* Pods-ReducerSwiftTests.release.xcconfig */ = {isa = PBXFileReference; includeInIndex = 1; lastKnownFileType = text.xcconfig; name = "Pods-ReducerSwiftTests.release.xcconfig"; path = "Pods/Target Support Files/Pods-ReducerSwiftTests/Pods-ReducerSwiftTests.release.xcconfig"; sourceTree = "<group>"; };
		9122B441879F248FC0CF4D2D /* Pods_ReducerSwiftTests.framework */ = {isa = PBXFileReference; explicitFileType = wrapper.framework; includeInIndex = 0; path = Pods_ReducerSwiftTests.framework; sourceTree = BUILT_PRODUCTS_DIR; };
		9BFD25E38854434EA43B6F5C /* Pods-ReducerSwiftUITests.release.xcconfig */ = {isa = PBXFileReference; includeInIndex = 1; lastKnownFileType = text.xcconfig; name = "Pods-ReducerSwiftUITests.release.xcconfig"; path = "Pods/Target Support Files/Pods-ReducerSwiftUITests/Pods-ReducerSwiftUITests.release.xcconfig"; sourceTree = "<group>"; };
		AC28B13C1FA9A12C003C4831 /* NavigationState.swift */ = {isa = PBXFileReference; fileEncoding = 4; lastKnownFileType = sourcecode.swift; path = NavigationState.swift; sourceTree = "<group>"; };
		AC28B13E1FA9A2EE003C4831 /* Network.swift */ = {isa = PBXFileReference; lastKnownFileType = sourcecode.swift; path = Network.swift; sourceTree = "<group>"; };
		AC28B1401FA9A31B003C4831 /* QuestionState.swift */ = {isa = PBXFileReference; lastKnownFileType = sourcecode.swift; path = QuestionState.swift; sourceTree = "<group>"; };
		AC28B1421FA9A443003C4831 /* QuestionAction.swift */ = {isa = PBXFileReference; lastKnownFileType = sourcecode.swift; path = QuestionAction.swift; sourceTree = "<group>"; };
		AC28B1441FA9ABFE003C4831 /* QuestionReducer.swift */ = {isa = PBXFileReference; lastKnownFileType = sourcecode.swift; path = QuestionReducer.swift; sourceTree = "<group>"; };
		AC6AD2F21FA4D05900A871BC /* AppRouter.swift */ = {isa = PBXFileReference; fileEncoding = 4; lastKnownFileType = sourcecode.swift; path = AppRouter.swift; sourceTree = "<group>"; };
		AC6AD2F41FA4D05900A871BC /* HomeViewController.swift */ = {isa = PBXFileReference; fileEncoding = 4; lastKnownFileType = sourcecode.swift; path = HomeViewController.swift; sourceTree = "<group>"; };
		AC6AD2F51FA4D05900A871BC /* HomeViewController.xib */ = {isa = PBXFileReference; fileEncoding = 4; lastKnownFileType = file.xib; path = HomeViewController.xib; sourceTree = "<group>"; };
		AC6AD2F61FA4D05900A871BC /* LoginViewController.swift */ = {isa = PBXFileReference; fileEncoding = 4; lastKnownFileType = sourcecode.swift; path = LoginViewController.swift; sourceTree = "<group>"; };
		AC6AD2F71FA4D05900A871BC /* LoginViewController.xib */ = {isa = PBXFileReference; fileEncoding = 4; lastKnownFileType = file.xib; path = LoginViewController.xib; sourceTree = "<group>"; };
		AC6AD2FA1FA4D05900A871BC /* AppReducer.swift */ = {isa = PBXFileReference; fileEncoding = 4; lastKnownFileType = sourcecode.swift; path = AppReducer.swift; sourceTree = "<group>"; };
		AC6AD2FB1FA4D05900A871BC /* RoutingReducer.swift */ = {isa = PBXFileReference; fileEncoding = 4; lastKnownFileType = sourcecode.swift; path = RoutingReducer.swift; sourceTree = "<group>"; };
		AC6AD2FD1FA4D05900A871BC /* AppState.swift */ = {isa = PBXFileReference; fileEncoding = 4; lastKnownFileType = sourcecode.swift; path = AppState.swift; sourceTree = "<group>"; };
		AC6AD2FE1FA4D05900A871BC /* RoutingState.swift */ = {isa = PBXFileReference; fileEncoding = 4; lastKnownFileType = sourcecode.swift; path = RoutingState.swift; sourceTree = "<group>"; };
		AC6AD30A1FA4D51100A871BC /* LoginState.swift */ = {isa = PBXFileReference; lastKnownFileType = sourcecode.swift; path = LoginState.swift; sourceTree = "<group>"; };
		AC6AD30C1FA4D5E500A871BC /* LoginReducer.swift */ = {isa = PBXFileReference; lastKnownFileType = sourcecode.swift; path = LoginReducer.swift; sourceTree = "<group>"; };
		AC6AD30E1FA4DBB000A871BC /* RoutingAction.swift */ = {isa = PBXFileReference; lastKnownFileType = sourcecode.swift; path = RoutingAction.swift; sourceTree = "<group>"; };
		AC6AD3101FA4E31A00A871BC /* RegisterTableViewController.swift */ = {isa = PBXFileReference; lastKnownFileType = sourcecode.swift; path = RegisterTableViewController.swift; sourceTree = "<group>"; };
		AC6AD3111FA4E31A00A871BC /* RegisterTableViewController.xib */ = {isa = PBXFileReference; lastKnownFileType = file.xib; path = RegisterTableViewController.xib; sourceTree = "<group>"; };
		ACB78C771FA1D45C00CC1F63 /* ReducerSwift.app */ = {isa = PBXFileReference; explicitFileType = wrapper.application; includeInIndex = 0; path = ReducerSwift.app; sourceTree = BUILT_PRODUCTS_DIR; };
		ACB78C7A1FA1D45C00CC1F63 /* AppDelegate.swift */ = {isa = PBXFileReference; lastKnownFileType = sourcecode.swift; path = AppDelegate.swift; sourceTree = "<group>"; };
		ACB78C811FA1D45C00CC1F63 /* Assets.xcassets */ = {isa = PBXFileReference; lastKnownFileType = folder.assetcatalog; path = Assets.xcassets; sourceTree = "<group>"; };
		ACB78C841FA1D45C00CC1F63 /* Base */ = {isa = PBXFileReference; lastKnownFileType = file.storyboard; name = Base; path = Base.lproj/LaunchScreen.storyboard; sourceTree = "<group>"; };
		ACB78C861FA1D45C00CC1F63 /* Info.plist */ = {isa = PBXFileReference; lastKnownFileType = text.plist.xml; path = Info.plist; sourceTree = "<group>"; };
		ACB78C8B1FA1D45C00CC1F63 /* ReducerSwiftTests.xctest */ = {isa = PBXFileReference; explicitFileType = wrapper.cfbundle; includeInIndex = 0; path = ReducerSwiftTests.xctest; sourceTree = BUILT_PRODUCTS_DIR; };
		ACB78C8F1FA1D45C00CC1F63 /* ReducerSwiftTests.swift */ = {isa = PBXFileReference; lastKnownFileType = sourcecode.swift; path = ReducerSwiftTests.swift; sourceTree = "<group>"; };
		ACB78C911FA1D45C00CC1F63 /* Info.plist */ = {isa = PBXFileReference; lastKnownFileType = text.plist.xml; path = Info.plist; sourceTree = "<group>"; };
		ACB78C961FA1D45C00CC1F63 /* ReducerSwiftUITests.xctest */ = {isa = PBXFileReference; explicitFileType = wrapper.cfbundle; includeInIndex = 0; path = ReducerSwiftUITests.xctest; sourceTree = BUILT_PRODUCTS_DIR; };
		ACB78C9A1FA1D45C00CC1F63 /* ReducerSwiftUITests.swift */ = {isa = PBXFileReference; lastKnownFileType = sourcecode.swift; path = ReducerSwiftUITests.swift; sourceTree = "<group>"; };
		ACB78C9C1FA1D45C00CC1F63 /* Info.plist */ = {isa = PBXFileReference; lastKnownFileType = text.plist.xml; path = Info.plist; sourceTree = "<group>"; };
		EAAC9766E47B1B92960B67F0 /* Pods-ReducerSwiftUITests.debug.xcconfig */ = {isa = PBXFileReference; includeInIndex = 1; lastKnownFileType = text.xcconfig; name = "Pods-ReducerSwiftUITests.debug.xcconfig"; path = "Pods/Target Support Files/Pods-ReducerSwiftUITests/Pods-ReducerSwiftUITests.debug.xcconfig"; sourceTree = "<group>"; };
/* End PBXFileReference section */

/* Begin PBXFrameworksBuildPhase section */
		ACB78C741FA1D45C00CC1F63 /* Frameworks */ = {
			isa = PBXFrameworksBuildPhase;
			buildActionMask = 2147483647;
			files = (
				83F90F032531D1A163D72DBC /* Pods_ReducerSwift.framework in Frameworks */,
			);
			runOnlyForDeploymentPostprocessing = 0;
		};
		ACB78C881FA1D45C00CC1F63 /* Frameworks */ = {
			isa = PBXFrameworksBuildPhase;
			buildActionMask = 2147483647;
			files = (
				6EDEA75698DA1DB4C870F4F3 /* Pods_ReducerSwiftTests.framework in Frameworks */,
			);
			runOnlyForDeploymentPostprocessing = 0;
		};
		ACB78C931FA1D45C00CC1F63 /* Frameworks */ = {
			isa = PBXFrameworksBuildPhase;
			buildActionMask = 2147483647;
			files = (
				4E6A66161F96EE380D6CE297 /* Pods_ReducerSwiftUITests.framework in Frameworks */,
			);
			runOnlyForDeploymentPostprocessing = 0;
		};
/* End PBXFrameworksBuildPhase section */

/* Begin PBXGroup section */
		5484ED61C6B847656B0F7E2E /* Pods */ = {
			isa = PBXGroup;
			children = (
				4AD36E212D36EF06F89BEF31 /* Pods-ReducerSwift.debug.xcconfig */,
				27D75362EB8761EEA5D569D8 /* Pods-ReducerSwift.release.xcconfig */,
				3F6112B17186D93EB4ADE4CD /* Pods-ReducerSwiftTests.debug.xcconfig */,
				716016036A67A360C722FB7F /* Pods-ReducerSwiftTests.release.xcconfig */,
				EAAC9766E47B1B92960B67F0 /* Pods-ReducerSwiftUITests.debug.xcconfig */,
				9BFD25E38854434EA43B6F5C /* Pods-ReducerSwiftUITests.release.xcconfig */,
			);
			name = Pods;
			sourceTree = "<group>";
		};
		AC28B13B1FA99464003C4831 /* Networking */ = {
			isa = PBXGroup;
			children = (
				AC28B13E1FA9A2EE003C4831 /* Network.swift */,
			);
			path = Networking;
			sourceTree = "<group>";
		};
		AC6AD2F31FA4D05900A871BC /* Views */ = {
			isa = PBXGroup;
			children = (
				AC6AD2F41FA4D05900A871BC /* HomeViewController.swift */,
				AC6AD2F51FA4D05900A871BC /* HomeViewController.xib */,
				AC6AD2F61FA4D05900A871BC /* LoginViewController.swift */,
				AC6AD2F71FA4D05900A871BC /* LoginViewController.xib */,
				AC6AD3101FA4E31A00A871BC /* RegisterTableViewController.swift */,
				AC6AD3111FA4E31A00A871BC /* RegisterTableViewController.xib */,
			);
			path = Views;
			sourceTree = "<group>";
		};
		AC6AD2F81FA4D05900A871BC /* Actions */ = {
			isa = PBXGroup;
			children = (
				AC6AD30E1FA4DBB000A871BC /* RoutingAction.swift */,
				AC28B1421FA9A443003C4831 /* QuestionAction.swift */,
			);
			path = Actions;
			sourceTree = "<group>";
		};
		AC6AD2F91FA4D05900A871BC /* Reducers */ = {
			isa = PBXGroup;
			children = (
				AC6AD2FA1FA4D05900A871BC /* AppReducer.swift */,
				AC6AD2FB1FA4D05900A871BC /* RoutingReducer.swift */,
				AC6AD30C1FA4D5E500A871BC /* LoginReducer.swift */,
				AC28B1441FA9ABFE003C4831 /* QuestionReducer.swift */,
			);
			path = Reducers;
			sourceTree = "<group>";
		};
		AC6AD2FC1FA4D05900A871BC /* State */ = {
			isa = PBXGroup;
			children = (
				AC28B13C1FA9A12C003C4831 /* NavigationState.swift */,
				AC6AD2FD1FA4D05900A871BC /* AppState.swift */,
				AC6AD2FE1FA4D05900A871BC /* RoutingState.swift */,
				AC6AD30A1FA4D51100A871BC /* LoginState.swift */,
				AC28B1401FA9A31B003C4831 /* QuestionState.swift */,
			);
			path = State;
			sourceTree = "<group>";
		};
		ACB78C6E1FA1D45C00CC1F63 = {
			isa = PBXGroup;
			children = (
				ACB78C791FA1D45C00CC1F63 /* ReducerSwift */,
				ACB78C8E1FA1D45C00CC1F63 /* ReducerSwiftTests */,
				ACB78C991FA1D45C00CC1F63 /* ReducerSwiftUITests */,
				ACB78C781FA1D45C00CC1F63 /* Products */,
				5484ED61C6B847656B0F7E2E /* Pods */,
				BB7847B927F72C3AD69FED02 /* Frameworks */,
			);
			sourceTree = "<group>";
		};
		ACB78C781FA1D45C00CC1F63 /* Products */ = {
			isa = PBXGroup;
			children = (
				ACB78C771FA1D45C00CC1F63 /* ReducerSwift.app */,
				ACB78C8B1FA1D45C00CC1F63 /* ReducerSwiftTests.xctest */,
				ACB78C961FA1D45C00CC1F63 /* ReducerSwiftUITests.xctest */,
			);
			name = Products;
			sourceTree = "<group>";
		};
		ACB78C791FA1D45C00CC1F63 /* ReducerSwift */ = {
			isa = PBXGroup;
			children = (
				ACB78C7A1FA1D45C00CC1F63 /* AppDelegate.swift */,
				AC6AD2F21FA4D05900A871BC /* AppRouter.swift */,
				ACB78C811FA1D45C00CC1F63 /* Assets.xcassets */,
				ACB78C861FA1D45C00CC1F63 /* Info.plist */,
				ACB78C831FA1D45C00CC1F63 /* LaunchScreen.storyboard */,
				AC6AD2F81FA4D05900A871BC /* Actions */,
				AC28B13B1FA99464003C4831 /* Networking */,
				AC6AD2F91FA4D05900A871BC /* Reducers */,
				AC6AD2FC1FA4D05900A871BC /* State */,
				AC6AD2F31FA4D05900A871BC /* Views */,
			);
			path = ReducerSwift;
			sourceTree = "<group>";
		};
		ACB78C8E1FA1D45C00CC1F63 /* ReducerSwiftTests */ = {
			isa = PBXGroup;
			children = (
				ACB78C8F1FA1D45C00CC1F63 /* ReducerSwiftTests.swift */,
				ACB78C911FA1D45C00CC1F63 /* Info.plist */,
			);
			path = ReducerSwiftTests;
			sourceTree = "<group>";
		};
		ACB78C991FA1D45C00CC1F63 /* ReducerSwiftUITests */ = {
			isa = PBXGroup;
			children = (
				ACB78C9A1FA1D45C00CC1F63 /* ReducerSwiftUITests.swift */,
				ACB78C9C1FA1D45C00CC1F63 /* Info.plist */,
			);
			path = ReducerSwiftUITests;
			sourceTree = "<group>";
		};
		BB7847B927F72C3AD69FED02 /* Frameworks */ = {
			isa = PBXGroup;
			children = (
				3239FA17EA2BCC316A4F5468 /* Pods_ReducerSwift.framework */,
				9122B441879F248FC0CF4D2D /* Pods_ReducerSwiftTests.framework */,
				2C2BF5A2DCE965D12F6C8B4E /* Pods_ReducerSwiftUITests.framework */,
			);
			name = Frameworks;
			sourceTree = "<group>";
		};
/* End PBXGroup section */

/* Begin PBXNativeTarget section */
		ACB78C761FA1D45C00CC1F63 /* ReducerSwift */ = {
			isa = PBXNativeTarget;
			buildConfigurationList = ACB78C9F1FA1D45D00CC1F63 /* Build configuration list for PBXNativeTarget "ReducerSwift" */;
			buildPhases = (
				8D0E23E36ED9AD7BB7F783D9 /* [CP] Check Pods Manifest.lock */,
				ACB78C731FA1D45C00CC1F63 /* Sources */,
				ACB78C741FA1D45C00CC1F63 /* Frameworks */,
				ACB78C751FA1D45C00CC1F63 /* Resources */,
				1A702B83320D6B7048B91DC9 /* [CP] Embed Pods Frameworks */,
				F48C2F0CEDF4C877969ED25B /* [CP] Copy Pods Resources */,
			);
			buildRules = (
			);
			dependencies = (
			);
			name = ReducerSwift;
			productName = ReducerSwift;
			productReference = ACB78C771FA1D45C00CC1F63 /* ReducerSwift.app */;
			productType = "com.apple.product-type.application";
		};
		ACB78C8A1FA1D45C00CC1F63 /* ReducerSwiftTests */ = {
			isa = PBXNativeTarget;
			buildConfigurationList = ACB78CA21FA1D45D00CC1F63 /* Build configuration list for PBXNativeTarget "ReducerSwiftTests" */;
			buildPhases = (
				59BF65FBDE8AB39C27637B16 /* [CP] Check Pods Manifest.lock */,
				ACB78C871FA1D45C00CC1F63 /* Sources */,
				ACB78C881FA1D45C00CC1F63 /* Frameworks */,
				ACB78C891FA1D45C00CC1F63 /* Resources */,
				5C1DBAAE1950FCF57B60D455 /* [CP] Embed Pods Frameworks */,
				959FCC1A62226EA451EF2498 /* [CP] Copy Pods Resources */,
			);
			buildRules = (
			);
			dependencies = (
				ACB78C8D1FA1D45C00CC1F63 /* PBXTargetDependency */,
			);
			name = ReducerSwiftTests;
			productName = ReducerSwiftTests;
			productReference = ACB78C8B1FA1D45C00CC1F63 /* ReducerSwiftTests.xctest */;
			productType = "com.apple.product-type.bundle.unit-test";
		};
		ACB78C951FA1D45C00CC1F63 /* ReducerSwiftUITests */ = {
			isa = PBXNativeTarget;
			buildConfigurationList = ACB78CA51FA1D45D00CC1F63 /* Build configuration list for PBXNativeTarget "ReducerSwiftUITests" */;
			buildPhases = (
				F6600001660C1C6D5664101B /* [CP] Check Pods Manifest.lock */,
				ACB78C921FA1D45C00CC1F63 /* Sources */,
				ACB78C931FA1D45C00CC1F63 /* Frameworks */,
				ACB78C941FA1D45C00CC1F63 /* Resources */,
				1C34649EDEBEC848CACCC403 /* [CP] Embed Pods Frameworks */,
				64E32543E9016B2D2233F95E /* [CP] Copy Pods Resources */,
			);
			buildRules = (
			);
			dependencies = (
				ACB78C981FA1D45C00CC1F63 /* PBXTargetDependency */,
			);
			name = ReducerSwiftUITests;
			productName = ReducerSwiftUITests;
			productReference = ACB78C961FA1D45C00CC1F63 /* ReducerSwiftUITests.xctest */;
			productType = "com.apple.product-type.bundle.ui-testing";
		};
/* End PBXNativeTarget section */

/* Begin PBXProject section */
		ACB78C6F1FA1D45C00CC1F63 /* Project object */ = {
			isa = PBXProject;
			attributes = {
				LastSwiftUpdateCheck = 0900;
				LastUpgradeCheck = 0900;
				ORGANIZATIONNAME = Shinkan;
				TargetAttributes = {
					ACB78C761FA1D45C00CC1F63 = {
						CreatedOnToolsVersion = 9.0;
						ProvisioningStyle = Automatic;
					};
					ACB78C8A1FA1D45C00CC1F63 = {
						CreatedOnToolsVersion = 9.0;
						ProvisioningStyle = Automatic;
						TestTargetID = ACB78C761FA1D45C00CC1F63;
					};
					ACB78C951FA1D45C00CC1F63 = {
						CreatedOnToolsVersion = 9.0;
						ProvisioningStyle = Automatic;
						TestTargetID = ACB78C761FA1D45C00CC1F63;
					};
				};
			};
			buildConfigurationList = ACB78C721FA1D45C00CC1F63 /* Build configuration list for PBXProject "ReducerSwift" */;
			compatibilityVersion = "Xcode 8.0";
			developmentRegion = en;
			hasScannedForEncodings = 0;
			knownRegions = (
				en,
				Base,
			);
			mainGroup = ACB78C6E1FA1D45C00CC1F63;
			productRefGroup = ACB78C781FA1D45C00CC1F63 /* Products */;
			projectDirPath = "";
			projectRoot = "";
			targets = (
				ACB78C761FA1D45C00CC1F63 /* ReducerSwift */,
				ACB78C8A1FA1D45C00CC1F63 /* ReducerSwiftTests */,
				ACB78C951FA1D45C00CC1F63 /* ReducerSwiftUITests */,
			);
		};
/* End PBXProject section */

/* Begin PBXResourcesBuildPhase section */
		ACB78C751FA1D45C00CC1F63 /* Resources */ = {
			isa = PBXResourcesBuildPhase;
			buildActionMask = 2147483647;
			files = (
				AC6AD3031FA4D05900A871BC /* LoginViewController.xib in Resources */,
				ACB78C851FA1D45C00CC1F63 /* LaunchScreen.storyboard in Resources */,
				AC6AD3131FA4E31A00A871BC /* RegisterTableViewController.xib in Resources */,
				ACB78C821FA1D45C00CC1F63 /* Assets.xcassets in Resources */,
				AC6AD3011FA4D05900A871BC /* HomeViewController.xib in Resources */,
			);
			runOnlyForDeploymentPostprocessing = 0;
		};
		ACB78C891FA1D45C00CC1F63 /* Resources */ = {
			isa = PBXResourcesBuildPhase;
			buildActionMask = 2147483647;
			files = (
			);
			runOnlyForDeploymentPostprocessing = 0;
		};
		ACB78C941FA1D45C00CC1F63 /* Resources */ = {
			isa = PBXResourcesBuildPhase;
			buildActionMask = 2147483647;
			files = (
			);
			runOnlyForDeploymentPostprocessing = 0;
		};
/* End PBXResourcesBuildPhase section */

/* Begin PBXShellScriptBuildPhase section */
		1A702B83320D6B7048B91DC9 /* [CP] Embed Pods Frameworks */ = {
			isa = PBXShellScriptBuildPhase;
			buildActionMask = 2147483647;
			files = (
			);
			inputPaths = (
			);
			name = "[CP] Embed Pods Frameworks";
			outputPaths = (
			);
			runOnlyForDeploymentPostprocessing = 0;
			shellPath = /bin/sh;
			shellScript = "\"${SRCROOT}/Pods/Target Support Files/Pods-ReducerSwift/Pods-ReducerSwift-frameworks.sh\"\n";
			showEnvVarsInLog = 0;
		};
		1C34649EDEBEC848CACCC403 /* [CP] Embed Pods Frameworks */ = {
			isa = PBXShellScriptBuildPhase;
			buildActionMask = 2147483647;
			files = (
			);
			inputPaths = (
			);
			name = "[CP] Embed Pods Frameworks";
			outputPaths = (
			);
			runOnlyForDeploymentPostprocessing = 0;
			shellPath = /bin/sh;
			shellScript = "\"${SRCROOT}/Pods/Target Support Files/Pods-ReducerSwiftUITests/Pods-ReducerSwiftUITests-frameworks.sh\"\n";
			showEnvVarsInLog = 0;
		};
		59BF65FBDE8AB39C27637B16 /* [CP] Check Pods Manifest.lock */ = {
			isa = PBXShellScriptBuildPhase;
			buildActionMask = 2147483647;
			files = (
			);
			inputPaths = (
			);
			name = "[CP] Check Pods Manifest.lock";
			outputPaths = (
			);
			runOnlyForDeploymentPostprocessing = 0;
			shellPath = /bin/sh;
			shellScript = "diff \"${PODS_PODFILE_DIR_PATH}/Podfile.lock\" \"${PODS_ROOT}/Manifest.lock\" > /dev/null\nif [ $? != 0 ] ; then\n    # print error to STDERR\n    echo \"error: The sandbox is not in sync with the Podfile.lock. Run 'pod install' or update your CocoaPods installation.\" >&2\n    exit 1\nfi\n";
			showEnvVarsInLog = 0;
		};
		5C1DBAAE1950FCF57B60D455 /* [CP] Embed Pods Frameworks */ = {
			isa = PBXShellScriptBuildPhase;
			buildActionMask = 2147483647;
			files = (
			);
			inputPaths = (
			);
			name = "[CP] Embed Pods Frameworks";
			outputPaths = (
			);
			runOnlyForDeploymentPostprocessing = 0;
			shellPath = /bin/sh;
			shellScript = "\"${SRCROOT}/Pods/Target Support Files/Pods-ReducerSwiftTests/Pods-ReducerSwiftTests-frameworks.sh\"\n";
			showEnvVarsInLog = 0;
		};
		64E32543E9016B2D2233F95E /* [CP] Copy Pods Resources */ = {
			isa = PBXShellScriptBuildPhase;
			buildActionMask = 2147483647;
			files = (
			);
			inputPaths = (
			);
			name = "[CP] Copy Pods Resources";
			outputPaths = (
			);
			runOnlyForDeploymentPostprocessing = 0;
			shellPath = /bin/sh;
			shellScript = "\"${SRCROOT}/Pods/Target Support Files/Pods-ReducerSwiftUITests/Pods-ReducerSwiftUITests-resources.sh\"\n";
			showEnvVarsInLog = 0;
		};
		8D0E23E36ED9AD7BB7F783D9 /* [CP] Check Pods Manifest.lock */ = {
			isa = PBXShellScriptBuildPhase;
			buildActionMask = 2147483647;
			files = (
			);
			inputPaths = (
			);
			name = "[CP] Check Pods Manifest.lock";
			outputPaths = (
			);
			runOnlyForDeploymentPostprocessing = 0;
			shellPath = /bin/sh;
			shellScript = "diff \"${PODS_PODFILE_DIR_PATH}/Podfile.lock\" \"${PODS_ROOT}/Manifest.lock\" > /dev/null\nif [ $? != 0 ] ; then\n    # print error to STDERR\n    echo \"error: The sandbox is not in sync with the Podfile.lock. Run 'pod install' or update your CocoaPods installation.\" >&2\n    exit 1\nfi\n";
			showEnvVarsInLog = 0;
		};
		959FCC1A62226EA451EF2498 /* [CP] Copy Pods Resources */ = {
			isa = PBXShellScriptBuildPhase;
			buildActionMask = 2147483647;
			files = (
			);
			inputPaths = (
			);
			name = "[CP] Copy Pods Resources";
			outputPaths = (
			);
			runOnlyForDeploymentPostprocessing = 0;
			shellPath = /bin/sh;
			shellScript = "\"${SRCROOT}/Pods/Target Support Files/Pods-ReducerSwiftTests/Pods-ReducerSwiftTests-resources.sh\"\n";
			showEnvVarsInLog = 0;
		};
		F48C2F0CEDF4C877969ED25B /* [CP] Copy Pods Resources */ = {
			isa = PBXShellScriptBuildPhase;
			buildActionMask = 2147483647;
			files = (
			);
			inputPaths = (
			);
			name = "[CP] Copy Pods Resources";
			outputPaths = (
			);
			runOnlyForDeploymentPostprocessing = 0;
			shellPath = /bin/sh;
			shellScript = "\"${SRCROOT}/Pods/Target Support Files/Pods-ReducerSwift/Pods-ReducerSwift-resources.sh\"\n";
			showEnvVarsInLog = 0;
		};
		F6600001660C1C6D5664101B /* [CP] Check Pods Manifest.lock */ = {
			isa = PBXShellScriptBuildPhase;
			buildActionMask = 2147483647;
			files = (
			);
			inputPaths = (
			);
			name = "[CP] Check Pods Manifest.lock";
			outputPaths = (
			);
			runOnlyForDeploymentPostprocessing = 0;
			shellPath = /bin/sh;
			shellScript = "diff \"${PODS_PODFILE_DIR_PATH}/Podfile.lock\" \"${PODS_ROOT}/Manifest.lock\" > /dev/null\nif [ $? != 0 ] ; then\n    # print error to STDERR\n    echo \"error: The sandbox is not in sync with the Podfile.lock. Run 'pod install' or update your CocoaPods installation.\" >&2\n    exit 1\nfi\n";
			showEnvVarsInLog = 0;
		};
/* End PBXShellScriptBuildPhase section */

/* Begin PBXSourcesBuildPhase section */
		ACB78C731FA1D45C00CC1F63 /* Sources */ = {
			isa = PBXSourcesBuildPhase;
			buildActionMask = 2147483647;
			files = (
				AC6AD30D1FA4D5E500A871BC /* LoginReducer.swift in Sources */,
				AC6AD3071FA4D05900A871BC /* RoutingState.swift in Sources */,
				AC6AD3121FA4E31A00A871BC /* RegisterTableViewController.swift in Sources */,
				AC6AD3041FA4D05900A871BC /* AppReducer.swift in Sources */,
				AC6AD30F1FA4DBB000A871BC /* RoutingAction.swift in Sources */,
				AC28B1431FA9A443003C4831 /* QuestionAction.swift in Sources */,
				AC28B1411FA9A31B003C4831 /* QuestionState.swift in Sources */,
				AC28B1451FA9ABFE003C4831 /* QuestionReducer.swift in Sources */,
				AC28B13D1FA9A12C003C4831 /* NavigationState.swift in Sources */,
				AC6AD30B1FA4D51100A871BC /* LoginState.swift in Sources */,
				ACB78C7B1FA1D45C00CC1F63 /* AppDelegate.swift in Sources */,
				AC6AD3061FA4D05900A871BC /* AppState.swift in Sources */,
				AC6AD2FF1FA4D05900A871BC /* AppRouter.swift in Sources */,
				AC6AD3051FA4D05900A871BC /* RoutingReducer.swift in Sources */,
				AC6AD3021FA4D05900A871BC /* LoginViewController.swift in Sources */,
				AC28B13F1FA9A2EE003C4831 /* Network.swift in Sources */,
				AC6AD3001FA4D05900A871BC /* HomeViewController.swift in Sources */,
			);
			runOnlyForDeploymentPostprocessing = 0;
		};
		ACB78C871FA1D45C00CC1F63 /* Sources */ = {
			isa = PBXSourcesBuildPhase;
			buildActionMask = 2147483647;
			files = (
				ACB78C901FA1D45C00CC1F63 /* ReducerSwiftTests.swift in Sources */,
			);
			runOnlyForDeploymentPostprocessing = 0;
		};
		ACB78C921FA1D45C00CC1F63 /* Sources */ = {
			isa = PBXSourcesBuildPhase;
			buildActionMask = 2147483647;
			files = (
				ACB78C9B1FA1D45C00CC1F63 /* ReducerSwiftUITests.swift in Sources */,
			);
			runOnlyForDeploymentPostprocessing = 0;
		};
/* End PBXSourcesBuildPhase section */

/* Begin PBXTargetDependency section */
		ACB78C8D1FA1D45C00CC1F63 /* PBXTargetDependency */ = {
			isa = PBXTargetDependency;
			target = ACB78C761FA1D45C00CC1F63 /* ReducerSwift */;
			targetProxy = ACB78C8C1FA1D45C00CC1F63 /* PBXContainerItemProxy */;
		};
		ACB78C981FA1D45C00CC1F63 /* PBXTargetDependency */ = {
			isa = PBXTargetDependency;
			target = ACB78C761FA1D45C00CC1F63 /* ReducerSwift */;
			targetProxy = ACB78C971FA1D45C00CC1F63 /* PBXContainerItemProxy */;
		};
/* End PBXTargetDependency section */

/* Begin PBXVariantGroup section */
		ACB78C831FA1D45C00CC1F63 /* LaunchScreen.storyboard */ = {
			isa = PBXVariantGroup;
			children = (
				ACB78C841FA1D45C00CC1F63 /* Base */,
			);
			name = LaunchScreen.storyboard;
			sourceTree = "<group>";
		};
/* End PBXVariantGroup section */

/* Begin XCBuildConfiguration section */
		ACB78C9D1FA1D45C00CC1F63 /* Debug */ = {
			isa = XCBuildConfiguration;
			buildSettings = {
				ALWAYS_SEARCH_USER_PATHS = NO;
				CLANG_ANALYZER_NONNULL = YES;
				CLANG_ANALYZER_NUMBER_OBJECT_CONVERSION = YES_AGGRESSIVE;
				CLANG_CXX_LANGUAGE_STANDARD = "gnu++14";
				CLANG_CXX_LIBRARY = "libc++";
				CLANG_ENABLE_MODULES = YES;
				CLANG_ENABLE_OBJC_ARC = YES;
				CLANG_WARN_BLOCK_CAPTURE_AUTORELEASING = YES;
				CLANG_WARN_BOOL_CONVERSION = YES;
				CLANG_WARN_COMMA = YES;
				CLANG_WARN_CONSTANT_CONVERSION = YES;
				CLANG_WARN_DIRECT_OBJC_ISA_USAGE = YES_ERROR;
				CLANG_WARN_DOCUMENTATION_COMMENTS = YES;
				CLANG_WARN_EMPTY_BODY = YES;
				CLANG_WARN_ENUM_CONVERSION = YES;
				CLANG_WARN_INFINITE_RECURSION = YES;
				CLANG_WARN_INT_CONVERSION = YES;
				CLANG_WARN_NON_LITERAL_NULL_CONVERSION = YES;
				CLANG_WARN_OBJC_LITERAL_CONVERSION = YES;
				CLANG_WARN_OBJC_ROOT_CLASS = YES_ERROR;
				CLANG_WARN_RANGE_LOOP_ANALYSIS = YES;
				CLANG_WARN_STRICT_PROTOTYPES = YES;
				CLANG_WARN_SUSPICIOUS_MOVE = YES;
				CLANG_WARN_UNGUARDED_AVAILABILITY = YES_AGGRESSIVE;
				CLANG_WARN_UNREACHABLE_CODE = YES;
				CLANG_WARN__DUPLICATE_METHOD_MATCH = YES;
				CODE_SIGN_IDENTITY = "iPhone Developer";
				COPY_PHASE_STRIP = NO;
				DEBUG_INFORMATION_FORMAT = dwarf;
				ENABLE_STRICT_OBJC_MSGSEND = YES;
				ENABLE_TESTABILITY = YES;
				GCC_C_LANGUAGE_STANDARD = gnu11;
				GCC_DYNAMIC_NO_PIC = NO;
				GCC_NO_COMMON_BLOCKS = YES;
				GCC_OPTIMIZATION_LEVEL = 0;
				GCC_PREPROCESSOR_DEFINITIONS = (
					"DEBUG=1",
					"$(inherited)",
				);
				GCC_WARN_64_TO_32_BIT_CONVERSION = YES;
				GCC_WARN_ABOUT_RETURN_TYPE = YES_ERROR;
				GCC_WARN_UNDECLARED_SELECTOR = YES;
				GCC_WARN_UNINITIALIZED_AUTOS = YES_AGGRESSIVE;
				GCC_WARN_UNUSED_FUNCTION = YES;
				GCC_WARN_UNUSED_VARIABLE = YES;
				IPHONEOS_DEPLOYMENT_TARGET = 11.0;
				MTL_ENABLE_DEBUG_INFO = YES;
				ONLY_ACTIVE_ARCH = YES;
				SDKROOT = iphoneos;
				SWIFT_ACTIVE_COMPILATION_CONDITIONS = DEBUG;
				SWIFT_OPTIMIZATION_LEVEL = "-Onone";
			};
			name = Debug;
		};
		ACB78C9E1FA1D45C00CC1F63 /* Release */ = {
			isa = XCBuildConfiguration;
			buildSettings = {
				ALWAYS_SEARCH_USER_PATHS = NO;
				CLANG_ANALYZER_NONNULL = YES;
				CLANG_ANALYZER_NUMBER_OBJECT_CONVERSION = YES_AGGRESSIVE;
				CLANG_CXX_LANGUAGE_STANDARD = "gnu++14";
				CLANG_CXX_LIBRARY = "libc++";
				CLANG_ENABLE_MODULES = YES;
				CLANG_ENABLE_OBJC_ARC = YES;
				CLANG_WARN_BLOCK_CAPTURE_AUTORELEASING = YES;
				CLANG_WARN_BOOL_CONVERSION = YES;
				CLANG_WARN_COMMA = YES;
				CLANG_WARN_CONSTANT_CONVERSION = YES;
				CLANG_WARN_DIRECT_OBJC_ISA_USAGE = YES_ERROR;
				CLANG_WARN_DOCUMENTATION_COMMENTS = YES;
				CLANG_WARN_EMPTY_BODY = YES;
				CLANG_WARN_ENUM_CONVERSION = YES;
				CLANG_WARN_INFINITE_RECURSION = YES;
				CLANG_WARN_INT_CONVERSION = YES;
				CLANG_WARN_NON_LITERAL_NULL_CONVERSION = YES;
				CLANG_WARN_OBJC_LITERAL_CONVERSION = YES;
				CLANG_WARN_OBJC_ROOT_CLASS = YES_ERROR;
				CLANG_WARN_RANGE_LOOP_ANALYSIS = YES;
				CLANG_WARN_STRICT_PROTOTYPES = YES;
				CLANG_WARN_SUSPICIOUS_MOVE = YES;
				CLANG_WARN_UNGUARDED_AVAILABILITY = YES_AGGRESSIVE;
				CLANG_WARN_UNREACHABLE_CODE = YES;
				CLANG_WARN__DUPLICATE_METHOD_MATCH = YES;
				CODE_SIGN_IDENTITY = "iPhone Developer";
				COPY_PHASE_STRIP = NO;
				DEBUG_INFORMATION_FORMAT = "dwarf-with-dsym";
				ENABLE_NS_ASSERTIONS = NO;
				ENABLE_STRICT_OBJC_MSGSEND = YES;
				GCC_C_LANGUAGE_STANDARD = gnu11;
				GCC_NO_COMMON_BLOCKS = YES;
				GCC_WARN_64_TO_32_BIT_CONVERSION = YES;
				GCC_WARN_ABOUT_RETURN_TYPE = YES_ERROR;
				GCC_WARN_UNDECLARED_SELECTOR = YES;
				GCC_WARN_UNINITIALIZED_AUTOS = YES_AGGRESSIVE;
				GCC_WARN_UNUSED_FUNCTION = YES;
				GCC_WARN_UNUSED_VARIABLE = YES;
				IPHONEOS_DEPLOYMENT_TARGET = 11.0;
				MTL_ENABLE_DEBUG_INFO = NO;
				SDKROOT = iphoneos;
				SWIFT_OPTIMIZATION_LEVEL = "-Owholemodule";
				VALIDATE_PRODUCT = YES;
			};
			name = Release;
		};
		ACB78CA01FA1D45D00CC1F63 /* Debug */ = {
			isa = XCBuildConfiguration;
			baseConfigurationReference = 4AD36E212D36EF06F89BEF31 /* Pods-ReducerSwift.debug.xcconfig */;
			buildSettings = {
				ASSETCATALOG_COMPILER_APPICON_NAME = AppIcon;
				CODE_SIGN_STYLE = Automatic;
				DEVELOPMENT_TEAM = XH2U443B3J;
				INFOPLIST_FILE = ReducerSwift/Info.plist;
				LD_RUNPATH_SEARCH_PATHS = "$(inherited) @executable_path/Frameworks";
				PRODUCT_BUNDLE_IDENTIFIER = com.dev.ios.ReducerSwift;
				PRODUCT_NAME = "$(TARGET_NAME)";
				SWIFT_VERSION = 4.0;
				TARGETED_DEVICE_FAMILY = 1;
			};
			name = Debug;
		};
		ACB78CA11FA1D45D00CC1F63 /* Release */ = {
			isa = XCBuildConfiguration;
			baseConfigurationReference = 27D75362EB8761EEA5D569D8 /* Pods-ReducerSwift.release.xcconfig */;
			buildSettings = {
				ASSETCATALOG_COMPILER_APPICON_NAME = AppIcon;
				CODE_SIGN_STYLE = Automatic;
				DEVELOPMENT_TEAM = XH2U443B3J;
				INFOPLIST_FILE = ReducerSwift/Info.plist;
				LD_RUNPATH_SEARCH_PATHS = "$(inherited) @executable_path/Frameworks";
				PRODUCT_BUNDLE_IDENTIFIER = com.dev.ios.ReducerSwift;
				PRODUCT_NAME = "$(TARGET_NAME)";
				SWIFT_VERSION = 4.0;
				TARGETED_DEVICE_FAMILY = 1;
			};
			name = Release;
		};
		ACB78CA31FA1D45D00CC1F63 /* Debug */ = {
			isa = XCBuildConfiguration;
			baseConfigurationReference = 3F6112B17186D93EB4ADE4CD /* Pods-ReducerSwiftTests.debug.xcconfig */;
			buildSettings = {
				ALWAYS_EMBED_SWIFT_STANDARD_LIBRARIES = YES;
				BUNDLE_LOADER = "$(TEST_HOST)";
				CODE_SIGN_STYLE = Automatic;
				DEVELOPMENT_TEAM = XH2U443B3J;
				INFOPLIST_FILE = ReducerSwiftTests/Info.plist;
				LD_RUNPATH_SEARCH_PATHS = "$(inherited) @executable_path/Frameworks @loader_path/Frameworks";
				PRODUCT_BUNDLE_IDENTIFIER = com.dev.ios.ReducerSwiftTests;
				PRODUCT_NAME = "$(TARGET_NAME)";
				SWIFT_VERSION = 4.0;
				TARGETED_DEVICE_FAMILY = "1,2";
				TEST_HOST = "$(BUILT_PRODUCTS_DIR)/ReducerSwift.app/ReducerSwift";
			};
			name = Debug;
		};
		ACB78CA41FA1D45D00CC1F63 /* Release */ = {
			isa = XCBuildConfiguration;
			baseConfigurationReference = 716016036A67A360C722FB7F /* Pods-ReducerSwiftTests.release.xcconfig */;
			buildSettings = {
				ALWAYS_EMBED_SWIFT_STANDARD_LIBRARIES = YES;
				BUNDLE_LOADER = "$(TEST_HOST)";
				CODE_SIGN_STYLE = Automatic;
				DEVELOPMENT_TEAM = XH2U443B3J;
				INFOPLIST_FILE = ReducerSwiftTests/Info.plist;
				LD_RUNPATH_SEARCH_PATHS = "$(inherited) @executable_path/Frameworks @loader_path/Frameworks";
				PRODUCT_BUNDLE_IDENTIFIER = com.dev.ios.ReducerSwiftTests;
				PRODUCT_NAME = "$(TARGET_NAME)";
				SWIFT_VERSION = 4.0;
				TARGETED_DEVICE_FAMILY = "1,2";
				TEST_HOST = "$(BUILT_PRODUCTS_DIR)/ReducerSwift.app/ReducerSwift";
			};
			name = Release;
		};
		ACB78CA61FA1D45D00CC1F63 /* Debug */ = {
			isa = XCBuildConfiguration;
			baseConfigurationReference = EAAC9766E47B1B92960B67F0 /* Pods-ReducerSwiftUITests.debug.xcconfig */;
			buildSettings = {
				ALWAYS_EMBED_SWIFT_STANDARD_LIBRARIES = YES;
				CODE_SIGN_STYLE = Automatic;
				DEVELOPMENT_TEAM = XH2U443B3J;
				INFOPLIST_FILE = ReducerSwiftUITests/Info.plist;
				LD_RUNPATH_SEARCH_PATHS = "$(inherited) @executable_path/Frameworks @loader_path/Frameworks";
				PRODUCT_BUNDLE_IDENTIFIER = com.dev.ios.ReducerSwiftUITests;
				PRODUCT_NAME = "$(TARGET_NAME)";
				SWIFT_VERSION = 4.0;
				TARGETED_DEVICE_FAMILY = "1,2";
				TEST_TARGET_NAME = ReducerSwift;
			};
			name = Debug;
		};
		ACB78CA71FA1D45D00CC1F63 /* Release */ = {
			isa = XCBuildConfiguration;
			baseConfigurationReference = 9BFD25E38854434EA43B6F5C /* Pods-ReducerSwiftUITests.release.xcconfig */;
			buildSettings = {
				ALWAYS_EMBED_SWIFT_STANDARD_LIBRARIES = YES;
				CODE_SIGN_STYLE = Automatic;
				DEVELOPMENT_TEAM = XH2U443B3J;
				INFOPLIST_FILE = ReducerSwiftUITests/Info.plist;
				LD_RUNPATH_SEARCH_PATHS = "$(inherited) @executable_path/Frameworks @loader_path/Frameworks";
				PRODUCT_BUNDLE_IDENTIFIER = com.dev.ios.ReducerSwiftUITests;
				PRODUCT_NAME = "$(TARGET_NAME)";
				SWIFT_VERSION = 4.0;
				TARGETED_DEVICE_FAMILY = "1,2";
				TEST_TARGET_NAME = ReducerSwift;
			};
			name = Release;
		};
/* End XCBuildConfiguration section */

/* Begin XCConfigurationList section */
		ACB78C721FA1D45C00CC1F63 /* Build configuration list for PBXProject "ReducerSwift" */ = {
			isa = XCConfigurationList;
			buildConfigurations = (
				ACB78C9D1FA1D45C00CC1F63 /* Debug */,
				ACB78C9E1FA1D45C00CC1F63 /* Release */,
			);
			defaultConfigurationIsVisible = 0;
			defaultConfigurationName = Release;
		};
		ACB78C9F1FA1D45D00CC1F63 /* Build configuration list for PBXNativeTarget "ReducerSwift" */ = {
			isa = XCConfigurationList;
			buildConfigurations = (
				ACB78CA01FA1D45D00CC1F63 /* Debug */,
				ACB78CA11FA1D45D00CC1F63 /* Release */,
			);
			defaultConfigurationIsVisible = 0;
			defaultConfigurationName = Release;
		};
		ACB78CA21FA1D45D00CC1F63 /* Build configuration list for PBXNativeTarget "ReducerSwiftTests" */ = {
			isa = XCConfigurationList;
			buildConfigurations = (
				ACB78CA31FA1D45D00CC1F63 /* Debug */,
				ACB78CA41FA1D45D00CC1F63 /* Release */,
			);
			defaultConfigurationIsVisible = 0;
			defaultConfigurationName = Release;
		};
		ACB78CA51FA1D45D00CC1F63 /* Build configuration list for PBXNativeTarget "ReducerSwiftUITests" */ = {
			isa = XCConfigurationList;
			buildConfigurations = (
				ACB78CA61FA1D45D00CC1F63 /* Debug */,
				ACB78CA71FA1D45D00CC1F63 /* Release */,
			);
			defaultConfigurationIsVisible = 0;
			defaultConfigurationName = Release;
		};
/* End XCConfigurationList section */
	};
	rootObject = ACB78C6F1FA1D45C00CC1F63 /* Project object */;
}
